// !$*UTF8*$!
{
	archiveVersion = 1;
	classes = {
	};
	objectVersion = 46;
	objects = {

/* Begin PBXBuildFile section */
		168750244AE84DDE91420B90 /* libPods.a in Frameworks */ = {isa = PBXBuildFile; fileRef = CDB543C5840B4BD79C4B655D /* libPods.a */; };
		20011C231991626100A0978E /* CMCoreService.m in Sources */ = {isa = PBXBuildFile; fileRef = 20011C221991626100A0978E /* CMCoreService.m */; };
		206E5D84198EEA1600837A2C /* main.m in Sources */ = {isa = PBXBuildFile; fileRef = 206E5D83198EEA1600837A2C /* main.m */; };
		206E5D87198EEA1600837A2C /* AppDelegate.m in Sources */ = {isa = PBXBuildFile; fileRef = 206E5D86198EEA1600837A2C /* AppDelegate.m */; };
		206E5D8A198EEA1600837A2C /* ViewController.m in Sources */ = {isa = PBXBuildFile; fileRef = 206E5D89198EEA1600837A2C /* ViewController.m */; };
		206E5D8D198EEA1600837A2C /* Main.storyboard in Resources */ = {isa = PBXBuildFile; fileRef = 206E5D8B198EEA1600837A2C /* Main.storyboard */; };
		206E5D8F198EEA1600837A2C /* Images.xcassets in Resources */ = {isa = PBXBuildFile; fileRef = 206E5D8E198EEA1600837A2C /* Images.xcassets */; };
		206E5D9B198EEA1600837A2C /* CampusMovilTests.m in Sources */ = {isa = PBXBuildFile; fileRef = 206E5D9A198EEA1600837A2C /* CampusMovilTests.m */; };
		206E5DA6198EEE8E00837A2C /* LoginTableViewController.m in Sources */ = {isa = PBXBuildFile; fileRef = 206E5DA5198EEE8E00837A2C /* LoginTableViewController.m */; };
		206E5DA9198F03F100837A2C /* RegisterTableViewController.m in Sources */ = {isa = PBXBuildFile; fileRef = 206E5DA8198F03F100837A2C /* RegisterTableViewController.m */; };
		207239181994A23F001116A9 /* CMUser.m in Sources */ = {isa = PBXBuildFile; fileRef = 207239171994A23F001116A9 /* CMUser.m */; };
		6513E94A1991E1B600999424 /* GoogleMaps.framework in Frameworks */ = {isa = PBXBuildFile; fileRef = 6513E9491991E1B600999424 /* GoogleMaps.framework */; };
		6513E94C1991E1DA00999424 /* CoreLocation.framework in Frameworks */ = {isa = PBXBuildFile; fileRef = 6513E94B1991E1DA00999424 /* CoreLocation.framework */; };
		6513E96D1991E31700999424 /* CoreData.framework in Frameworks */ = {isa = PBXBuildFile; fileRef = 6513E96C1991E31700999424 /* CoreData.framework */; };
		6513E96F1991E32300999424 /* SystemConfiguration.framework in Frameworks */ = {isa = PBXBuildFile; fileRef = 6513E96E1991E32300999424 /* SystemConfiguration.framework */; };
		6513E9711991E35100999424 /* AVFoundation.framework in Frameworks */ = {isa = PBXBuildFile; fileRef = 6513E9701991E35100999424 /* AVFoundation.framework */; };
		6513E9731991E36400999424 /* CoreText.framework in Frameworks */ = {isa = PBXBuildFile; fileRef = 6513E9721991E36400999424 /* CoreText.framework */; };
		6513E9751991E37500999424 /* GLKit.framework in Frameworks */ = {isa = PBXBuildFile; fileRef = 6513E9741991E37500999424 /* GLKit.framework */; };
		6513E9771991E38700999424 /* ImageIO.framework in Frameworks */ = {isa = PBXBuildFile; fileRef = 6513E9761991E38700999424 /* ImageIO.framework */; };
		6513E9791991E39300999424 /* libc++.dylib in Frameworks */ = {isa = PBXBuildFile; fileRef = 6513E9781991E39300999424 /* libc++.dylib */; };
		6513E97B1991E39F00999424 /* libicucore.dylib in Frameworks */ = {isa = PBXBuildFile; fileRef = 6513E97A1991E39F00999424 /* libicucore.dylib */; };
		6513E97D1991E3AB00999424 /* libz.dylib in Frameworks */ = {isa = PBXBuildFile; fileRef = 6513E97C1991E3AB00999424 /* libz.dylib */; };
		6513E97F1991E3B900999424 /* OpenGLES.framework in Frameworks */ = {isa = PBXBuildFile; fileRef = 6513E97E1991E3B900999424 /* OpenGLES.framework */; };
		6513E9811991E3C400999424 /* QuartzCore.framework in Frameworks */ = {isa = PBXBuildFile; fileRef = 6513E9801991E3C400999424 /* QuartzCore.framework */; };
		6513E9831991E4BC00999424 /* GoogleMaps.bundle in Resources */ = {isa = PBXBuildFile; fileRef = 6513E9821991E4BC00999424 /* GoogleMaps.bundle */; };
		6562EAF4199595FB00CBF0C8 /* DetailViewController.m in Sources */ = {isa = PBXBuildFile; fileRef = 6562EAF3199595FB00CBF0C8 /* DetailViewController.m */; };
		65D5691D19959F59002EEF2E /* auditorium.png in Resources */ = {isa = PBXBuildFile; fileRef = 65D5691519959F59002EEF2E /* auditorium.png */; };
		65D5691E19959F59002EEF2E /* block.png in Resources */ = {isa = PBXBuildFile; fileRef = 65D5691619959F59002EEF2E /* block.png */; };
		65D5691F19959F59002EEF2E /* cec.png in Resources */ = {isa = PBXBuildFile; fileRef = 65D5691719959F59002EEF2E /* cec.png */; };
		65D5692019959F59002EEF2E /* entrance.png in Resources */ = {isa = PBXBuildFile; fileRef = 65D5691819959F59002EEF2E /* entrance.png */; };
		65D5692119959F59002EEF2E /* language_center.png in Resources */ = {isa = PBXBuildFile; fileRef = 65D5691919959F59002EEF2E /* language_center.png */; };
		65D5692219959F59002EEF2E /* library.png in Resources */ = {isa = PBXBuildFile; fileRef = 65D5691A19959F59002EEF2E /* library.png */; };
		65D5692319959F59002EEF2E /* map_marker.png in Resources */ = {isa = PBXBuildFile; fileRef = 65D5691B19959F59002EEF2E /* map_marker.png */; };
		65D5692419959F59002EEF2E /* user_marker.png in Resources */ = {isa = PBXBuildFile; fileRef = 65D5691C19959F59002EEF2E /* user_marker.png */; };
		65E0D81019957AA60032D9C4 /* MenuTableViewController.m in Sources */ = {isa = PBXBuildFile; fileRef = 65E0D80F19957AA60032D9C4 /* MenuTableViewController.m */; };
/* End PBXBuildFile section */

/* Begin PBXContainerItemProxy section */
		20011C24199193BA00A0978E /* PBXContainerItemProxy */ = {
			isa = PBXContainerItemProxy;
			containerPortal = 206E5D76198EEA1600837A2C /* Project object */;
			proxyType = 1;
			remoteGlobalIDString = 206E5D7D198EEA1600837A2C;
			remoteInfo = CampusMovil;
		};
		206E5D95198EEA1600837A2C /* PBXContainerItemProxy */ = {
			isa = PBXContainerItemProxy;
			containerPortal = 206E5D76198EEA1600837A2C /* Project object */;
			proxyType = 1;
			remoteGlobalIDString = 206E5D7D198EEA1600837A2C;
			remoteInfo = CampusMovil;
		};
/* End PBXContainerItemProxy section */

/* Begin PBXFileReference section */
		20011C211991626100A0978E /* CMCoreService.h */ = {isa = PBXFileReference; fileEncoding = 4; lastKnownFileType = sourcecode.c.h; path = CMCoreService.h; sourceTree = "<group>"; };
		20011C221991626100A0978E /* CMCoreService.m */ = {isa = PBXFileReference; fileEncoding = 4; lastKnownFileType = sourcecode.c.objc; path = CMCoreService.m; sourceTree = "<group>"; };
		206E5D7E198EEA1600837A2C /* CampusMovil.app */ = {isa = PBXFileReference; explicitFileType = wrapper.application; includeInIndex = 0; path = CampusMovil.app; sourceTree = BUILT_PRODUCTS_DIR; };
		206E5D82198EEA1600837A2C /* Info.plist */ = {isa = PBXFileReference; lastKnownFileType = text.plist.xml; path = Info.plist; sourceTree = "<group>"; };
		206E5D83198EEA1600837A2C /* main.m */ = {isa = PBXFileReference; lastKnownFileType = sourcecode.c.objc; path = main.m; sourceTree = "<group>"; };
		206E5D85198EEA1600837A2C /* AppDelegate.h */ = {isa = PBXFileReference; lastKnownFileType = sourcecode.c.h; path = AppDelegate.h; sourceTree = "<group>"; };
		206E5D86198EEA1600837A2C /* AppDelegate.m */ = {isa = PBXFileReference; lastKnownFileType = sourcecode.c.objc; path = AppDelegate.m; sourceTree = "<group>"; };
		206E5D88198EEA1600837A2C /* ViewController.h */ = {isa = PBXFileReference; lastKnownFileType = sourcecode.c.h; path = ViewController.h; sourceTree = "<group>"; };
		206E5D89198EEA1600837A2C /* ViewController.m */ = {isa = PBXFileReference; lastKnownFileType = sourcecode.c.objc; path = ViewController.m; sourceTree = "<group>"; };
		206E5D8C198EEA1600837A2C /* Base */ = {isa = PBXFileReference; lastKnownFileType = file.storyboard; name = Base; path = Base.lproj/Main.storyboard; sourceTree = "<group>"; };
		206E5D8E198EEA1600837A2C /* Images.xcassets */ = {isa = PBXFileReference; lastKnownFileType = folder.assetcatalog; path = Images.xcassets; sourceTree = "<group>"; };
		206E5D94198EEA1600837A2C /* CampusMovilTests.xctest */ = {isa = PBXFileReference; explicitFileType = wrapper.cfbundle; includeInIndex = 0; path = CampusMovilTests.xctest; sourceTree = BUILT_PRODUCTS_DIR; };
		206E5D99198EEA1600837A2C /* Info.plist */ = {isa = PBXFileReference; lastKnownFileType = text.plist.xml; path = Info.plist; sourceTree = "<group>"; };
		206E5D9A198EEA1600837A2C /* CampusMovilTests.m */ = {isa = PBXFileReference; lastKnownFileType = sourcecode.c.objc; path = CampusMovilTests.m; sourceTree = "<group>"; };
		206E5DA4198EEE8E00837A2C /* LoginTableViewController.h */ = {isa = PBXFileReference; fileEncoding = 4; lastKnownFileType = sourcecode.c.h; path = LoginTableViewController.h; sourceTree = "<group>"; };
		206E5DA5198EEE8E00837A2C /* LoginTableViewController.m */ = {isa = PBXFileReference; fileEncoding = 4; lastKnownFileType = sourcecode.c.objc; path = LoginTableViewController.m; sourceTree = "<group>"; };
		206E5DA7198F03F100837A2C /* RegisterTableViewController.h */ = {isa = PBXFileReference; fileEncoding = 4; lastKnownFileType = sourcecode.c.h; name = RegisterTableViewController.h; path = ../RegisterTableViewController.h; sourceTree = "<group>"; };
		206E5DA8198F03F100837A2C /* RegisterTableViewController.m */ = {isa = PBXFileReference; fileEncoding = 4; lastKnownFileType = sourcecode.c.objc; name = RegisterTableViewController.m; path = ../RegisterTableViewController.m; sourceTree = "<group>"; };
		206E5DAA198F05CC00837A2C /* CMApp.h */ = {isa = PBXFileReference; lastKnownFileType = sourcecode.c.h; path = CMApp.h; sourceTree = "<group>"; };
		207239161994A23F001116A9 /* CMUser.h */ = {isa = PBXFileReference; fileEncoding = 4; lastKnownFileType = sourcecode.c.h; path = CMUser.h; sourceTree = "<group>"; };
		207239171994A23F001116A9 /* CMUser.m */ = {isa = PBXFileReference; fileEncoding = 4; lastKnownFileType = sourcecode.c.objc; path = CMUser.m; sourceTree = "<group>"; };
		6513E9491991E1B600999424 /* GoogleMaps.framework */ = {isa = PBXFileReference; lastKnownFileType = wrapper.framework; path = GoogleMaps.framework; sourceTree = "<group>"; };
		6513E94B1991E1DA00999424 /* CoreLocation.framework */ = {isa = PBXFileReference; lastKnownFileType = wrapper.framework; name = CoreLocation.framework; path = System/Library/Frameworks/CoreLocation.framework; sourceTree = SDKROOT; };
		6513E96C1991E31700999424 /* CoreData.framework */ = {isa = PBXFileReference; lastKnownFileType = wrapper.framework; name = CoreData.framework; path = System/Library/Frameworks/CoreData.framework; sourceTree = SDKROOT; };
		6513E96E1991E32300999424 /* SystemConfiguration.framework */ = {isa = PBXFileReference; lastKnownFileType = wrapper.framework; name = SystemConfiguration.framework; path = System/Library/Frameworks/SystemConfiguration.framework; sourceTree = SDKROOT; };
		6513E9701991E35100999424 /* AVFoundation.framework */ = {isa = PBXFileReference; lastKnownFileType = wrapper.framework; name = AVFoundation.framework; path = System/Library/Frameworks/AVFoundation.framework; sourceTree = SDKROOT; };
		6513E9721991E36400999424 /* CoreText.framework */ = {isa = PBXFileReference; lastKnownFileType = wrapper.framework; name = CoreText.framework; path = System/Library/Frameworks/CoreText.framework; sourceTree = SDKROOT; };
		6513E9741991E37500999424 /* GLKit.framework */ = {isa = PBXFileReference; lastKnownFileType = wrapper.framework; name = GLKit.framework; path = System/Library/Frameworks/GLKit.framework; sourceTree = SDKROOT; };
		6513E9761991E38700999424 /* ImageIO.framework */ = {isa = PBXFileReference; lastKnownFileType = wrapper.framework; name = ImageIO.framework; path = System/Library/Frameworks/ImageIO.framework; sourceTree = SDKROOT; };
		6513E9781991E39300999424 /* libc++.dylib */ = {isa = PBXFileReference; lastKnownFileType = "compiled.mach-o.dylib"; name = "libc++.dylib"; path = "usr/lib/libc++.dylib"; sourceTree = SDKROOT; };
		6513E97A1991E39F00999424 /* libicucore.dylib */ = {isa = PBXFileReference; lastKnownFileType = "compiled.mach-o.dylib"; name = libicucore.dylib; path = usr/lib/libicucore.dylib; sourceTree = SDKROOT; };
		6513E97C1991E3AB00999424 /* libz.dylib */ = {isa = PBXFileReference; lastKnownFileType = "compiled.mach-o.dylib"; name = libz.dylib; path = usr/lib/libz.dylib; sourceTree = SDKROOT; };
		6513E97E1991E3B900999424 /* OpenGLES.framework */ = {isa = PBXFileReference; lastKnownFileType = wrapper.framework; name = OpenGLES.framework; path = System/Library/Frameworks/OpenGLES.framework; sourceTree = SDKROOT; };
		6513E9801991E3C400999424 /* QuartzCore.framework */ = {isa = PBXFileReference; lastKnownFileType = wrapper.framework; name = QuartzCore.framework; path = System/Library/Frameworks/QuartzCore.framework; sourceTree = SDKROOT; };
		6513E9821991E4BC00999424 /* GoogleMaps.bundle */ = {isa = PBXFileReference; lastKnownFileType = "wrapper.plug-in"; name = GoogleMaps.bundle; path = GoogleMaps.framework/Versions/A/Resources/GoogleMaps.bundle; sourceTree = "<group>"; };
		6562EAF2199595FB00CBF0C8 /* DetailViewController.h */ = {isa = PBXFileReference; fileEncoding = 4; lastKnownFileType = sourcecode.c.h; path = DetailViewController.h; sourceTree = "<group>"; };
		6562EAF3199595FB00CBF0C8 /* DetailViewController.m */ = {isa = PBXFileReference; fileEncoding = 4; lastKnownFileType = sourcecode.c.objc; path = DetailViewController.m; sourceTree = "<group>"; };
		65D5691519959F59002EEF2E /* auditorium.png */ = {isa = PBXFileReference; lastKnownFileType = image.png; path = auditorium.png; sourceTree = "<group>"; };
		65D5691619959F59002EEF2E /* block.png */ = {isa = PBXFileReference; lastKnownFileType = image.png; path = block.png; sourceTree = "<group>"; };
		65D5691719959F59002EEF2E /* cec.png */ = {isa = PBXFileReference; lastKnownFileType = image.png; path = cec.png; sourceTree = "<group>"; };
		65D5691819959F59002EEF2E /* entrance.png */ = {isa = PBXFileReference; lastKnownFileType = image.png; path = entrance.png; sourceTree = "<group>"; };
		65D5691919959F59002EEF2E /* language_center.png */ = {isa = PBXFileReference; lastKnownFileType = image.png; path = language_center.png; sourceTree = "<group>"; };
		65D5691A19959F59002EEF2E /* library.png */ = {isa = PBXFileReference; lastKnownFileType = image.png; path = library.png; sourceTree = "<group>"; };
		65D5691B19959F59002EEF2E /* map_marker.png */ = {isa = PBXFileReference; lastKnownFileType = image.png; path = map_marker.png; sourceTree = "<group>"; };
		65D5691C19959F59002EEF2E /* user_marker.png */ = {isa = PBXFileReference; lastKnownFileType = image.png; path = user_marker.png; sourceTree = "<group>"; };
		65E0D80E19957AA60032D9C4 /* MenuTableViewController.h */ = {isa = PBXFileReference; fileEncoding = 4; lastKnownFileType = sourcecode.c.h; path = MenuTableViewController.h; sourceTree = "<group>"; };
		65E0D80F19957AA60032D9C4 /* MenuTableViewController.m */ = {isa = PBXFileReference; fileEncoding = 4; lastKnownFileType = sourcecode.c.objc; path = MenuTableViewController.m; sourceTree = "<group>"; };
		9B44D725FD204C208F2E804A /* Pods.xcconfig */ = {isa = PBXFileReference; includeInIndex = 1; lastKnownFileType = text.xcconfig; name = Pods.xcconfig; path = Pods/Pods.xcconfig; sourceTree = "<group>"; };
		CDB543C5840B4BD79C4B655D /* libPods.a */ = {isa = PBXFileReference; explicitFileType = archive.ar; includeInIndex = 0; path = libPods.a; sourceTree = BUILT_PRODUCTS_DIR; };
/* End PBXFileReference section */

/* Begin PBXFrameworksBuildPhase section */
		206E5D7B198EEA1600837A2C /* Frameworks */ = {
			isa = PBXFrameworksBuildPhase;
			buildActionMask = 2147483647;
			files = (
				6513E9811991E3C400999424 /* QuartzCore.framework in Frameworks */,
				6513E97F1991E3B900999424 /* OpenGLES.framework in Frameworks */,
				6513E97D1991E3AB00999424 /* libz.dylib in Frameworks */,
				6513E97B1991E39F00999424 /* libicucore.dylib in Frameworks */,
				6513E9791991E39300999424 /* libc++.dylib in Frameworks */,
				6513E9771991E38700999424 /* ImageIO.framework in Frameworks */,
				6513E9751991E37500999424 /* GLKit.framework in Frameworks */,
				6513E9731991E36400999424 /* CoreText.framework in Frameworks */,
				6513E9711991E35100999424 /* AVFoundation.framework in Frameworks */,
				6513E96F1991E32300999424 /* SystemConfiguration.framework in Frameworks */,
				6513E96D1991E31700999424 /* CoreData.framework in Frameworks */,
				6513E94C1991E1DA00999424 /* CoreLocation.framework in Frameworks */,
				6513E94A1991E1B600999424 /* GoogleMaps.framework in Frameworks */,
				168750244AE84DDE91420B90 /* libPods.a in Frameworks */,
			);
			runOnlyForDeploymentPostprocessing = 0;
		};
		206E5D91198EEA1600837A2C /* Frameworks */ = {
			isa = PBXFrameworksBuildPhase;
			buildActionMask = 2147483647;
			files = (
			);
			runOnlyForDeploymentPostprocessing = 0;
		};
/* End PBXFrameworksBuildPhase section */

/* Begin PBXGroup section */
		206E5D75198EEA1600837A2C = {
			isa = PBXGroup;
			children = (
				65D5692519959F62002EEF2E /* Images */,
				6513E9821991E4BC00999424 /* GoogleMaps.bundle */,
				6513E96B1991E27A00999424 /* Frameworks */,
				206E5D80198EEA1600837A2C /* CampusMovil */,
				206E5D97198EEA1600837A2C /* CampusMovilTests */,
				206E5D7F198EEA1600837A2C /* Products */,
				9B44D725FD204C208F2E804A /* Pods.xcconfig */,
			);
			sourceTree = "<group>";
		};
		206E5D7F198EEA1600837A2C /* Products */ = {
			isa = PBXGroup;
			children = (
				206E5D7E198EEA1600837A2C /* CampusMovil.app */,
				206E5D94198EEA1600837A2C /* CampusMovilTests.xctest */,
			);
			name = Products;
			sourceTree = "<group>";
		};
		206E5D80198EEA1600837A2C /* CampusMovil */ = {
			isa = PBXGroup;
			children = (
				206E5D85198EEA1600837A2C /* AppDelegate.h */,
				206E5D86198EEA1600837A2C /* AppDelegate.m */,
				65E0D80E19957AA60032D9C4 /* MenuTableViewController.h */,
				65E0D80F19957AA60032D9C4 /* MenuTableViewController.m */,
				6562EAF2199595FB00CBF0C8 /* DetailViewController.h */,
				6562EAF3199595FB00CBF0C8 /* DetailViewController.m */,
				206E5D88198EEA1600837A2C /* ViewController.h */,
				206E5D89198EEA1600837A2C /* ViewController.m */,
				206E5D8B198EEA1600837A2C /* Main.storyboard */,
				206E5D8E198EEA1600837A2C /* Images.xcassets */,
				206E5D81198EEA1600837A2C /* Supporting Files */,
				206E5DA4198EEE8E00837A2C /* LoginTableViewController.h */,
				206E5DA5198EEE8E00837A2C /* LoginTableViewController.m */,
				206E5DA7198F03F100837A2C /* RegisterTableViewController.h */,
				206E5DA8198F03F100837A2C /* RegisterTableViewController.m */,
				206E5DAA198F05CC00837A2C /* CMApp.h */,
				20011C211991626100A0978E /* CMCoreService.h */,
				20011C221991626100A0978E /* CMCoreService.m */,
				207239161994A23F001116A9 /* CMUser.h */,
				207239171994A23F001116A9 /* CMUser.m */,
			);
			path = CampusMovil;
			sourceTree = "<group>";
		};
		206E5D81198EEA1600837A2C /* Supporting Files */ = {
			isa = PBXGroup;
			children = (
				206E5D82198EEA1600837A2C /* Info.plist */,
				206E5D83198EEA1600837A2C /* main.m */,
			);
			name = "Supporting Files";
			sourceTree = "<group>";
		};
		206E5D97198EEA1600837A2C /* CampusMovilTests */ = {
			isa = PBXGroup;
			children = (
				206E5D9A198EEA1600837A2C /* CampusMovilTests.m */,
				206E5D98198EEA1600837A2C /* Supporting Files */,
			);
			path = CampusMovilTests;
			sourceTree = "<group>";
		};
		206E5D98198EEA1600837A2C /* Supporting Files */ = {
			isa = PBXGroup;
			children = (
				206E5D99198EEA1600837A2C /* Info.plist */,
			);
			name = "Supporting Files";
			sourceTree = "<group>";
		};
		6513E96B1991E27A00999424 /* Frameworks */ = {
			isa = PBXGroup;
			children = (
				6513E9801991E3C400999424 /* QuartzCore.framework */,
				6513E97E1991E3B900999424 /* OpenGLES.framework */,
				6513E97C1991E3AB00999424 /* libz.dylib */,
				6513E97A1991E39F00999424 /* libicucore.dylib */,
				6513E9781991E39300999424 /* libc++.dylib */,
				6513E9761991E38700999424 /* ImageIO.framework */,
				6513E9741991E37500999424 /* GLKit.framework */,
				6513E9721991E36400999424 /* CoreText.framework */,
				6513E9701991E35100999424 /* AVFoundation.framework */,
				6513E96E1991E32300999424 /* SystemConfiguration.framework */,
				6513E96C1991E31700999424 /* CoreData.framework */,
				6513E94B1991E1DA00999424 /* CoreLocation.framework */,
				6513E9491991E1B600999424 /* GoogleMaps.framework */,
				CDB543C5840B4BD79C4B655D /* libPods.a */,
			);
			name = Frameworks;
			sourceTree = "<group>";
		};
		65D5692519959F62002EEF2E /* Images */ = {
			isa = PBXGroup;
			children = (
				65D5691519959F59002EEF2E /* auditorium.png */,
				65D5691619959F59002EEF2E /* block.png */,
				65D5691719959F59002EEF2E /* cec.png */,
				65D5691819959F59002EEF2E /* entrance.png */,
				65D5691919959F59002EEF2E /* language_center.png */,
				65D5691A19959F59002EEF2E /* library.png */,
				65D5691B19959F59002EEF2E /* map_marker.png */,
				65D5691C19959F59002EEF2E /* user_marker.png */,
			);
			name = Images;
			sourceTree = "<group>";
		};
/* End PBXGroup section */

/* Begin PBXNativeTarget section */
		206E5D7D198EEA1600837A2C /* CampusMovil */ = {
			isa = PBXNativeTarget;
			buildConfigurationList = 206E5D9E198EEA1600837A2C /* Build configuration list for PBXNativeTarget "CampusMovil" */;
			buildPhases = (
				92B556789AF4456397B389C7 /* Check Pods Manifest.lock */,
				206E5D7A198EEA1600837A2C /* Sources */,
				206E5D7B198EEA1600837A2C /* Frameworks */,
				206E5D7C198EEA1600837A2C /* Resources */,
				B1E0759232A141CEA4DDBA82 /* Copy Pods Resources */,
			);
			buildRules = (
			);
			dependencies = (
			);
			name = CampusMovil;
			productName = CampusMovil;
			productReference = 206E5D7E198EEA1600837A2C /* CampusMovil.app */;
			productType = "com.apple.product-type.application";
		};
		206E5D93198EEA1600837A2C /* CampusMovilTests */ = {
			isa = PBXNativeTarget;
			buildConfigurationList = 206E5DA1198EEA1600837A2C /* Build configuration list for PBXNativeTarget "CampusMovilTests" */;
			buildPhases = (
				206E5D90198EEA1600837A2C /* Sources */,
				206E5D91198EEA1600837A2C /* Frameworks */,
				206E5D92198EEA1600837A2C /* Resources */,
			);
			buildRules = (
			);
			dependencies = (
				206E5D96198EEA1600837A2C /* PBXTargetDependency */,
				20011C25199193BA00A0978E /* PBXTargetDependency */,
			);
			name = CampusMovilTests;
			productName = CampusMovilTests;
			productReference = 206E5D94198EEA1600837A2C /* CampusMovilTests.xctest */;
			productType = "com.apple.product-type.bundle.unit-test";
		};
/* End PBXNativeTarget section */

/* Begin PBXProject section */
		206E5D76198EEA1600837A2C /* Project object */ = {
			isa = PBXProject;
			attributes = {
				LastUpgradeCheck = 0600;
				ORGANIZATIONNAME = "Mateo Olaya Bernal";
				TargetAttributes = {
					206E5D7D198EEA1600837A2C = {
						CreatedOnToolsVersion = 6.0;
						DevelopmentTeam = 9DGN3WV4YY;
					};
					206E5D93198EEA1600837A2C = {
						CreatedOnToolsVersion = 6.0;
						TestTargetID = 206E5D7D198EEA1600837A2C;
					};
				};
			};
			buildConfigurationList = 206E5D79198EEA1600837A2C /* Build configuration list for PBXProject "CampusMovil" */;
			compatibilityVersion = "Xcode 3.2";
			developmentRegion = English;
			hasScannedForEncodings = 0;
			knownRegions = (
				en,
				Base,
			);
			mainGroup = 206E5D75198EEA1600837A2C;
			productRefGroup = 206E5D7F198EEA1600837A2C /* Products */;
			projectDirPath = "";
			projectRoot = "";
			targets = (
				206E5D7D198EEA1600837A2C /* CampusMovil */,
				206E5D93198EEA1600837A2C /* CampusMovilTests */,
			);
		};
/* End PBXProject section */

/* Begin PBXResourcesBuildPhase section */
		206E5D7C198EEA1600837A2C /* Resources */ = {
			isa = PBXResourcesBuildPhase;
			buildActionMask = 2147483647;
			files = (
				65D5692019959F59002EEF2E /* entrance.png in Resources */,
				65D5692219959F59002EEF2E /* library.png in Resources */,
				65D5691D19959F59002EEF2E /* auditorium.png in Resources */,
				65D5692419959F59002EEF2E /* user_marker.png in Resources */,
				65D5692119959F59002EEF2E /* language_center.png in Resources */,
				6513E9831991E4BC00999424 /* GoogleMaps.bundle in Resources */,
				206E5D8D198EEA1600837A2C /* Main.storyboard in Resources */,
				65D5691F19959F59002EEF2E /* cec.png in Resources */,
				206E5D8F198EEA1600837A2C /* Images.xcassets in Resources */,
				65D5692319959F59002EEF2E /* map_marker.png in Resources */,
				65D5691E19959F59002EEF2E /* block.png in Resources */,
			);
			runOnlyForDeploymentPostprocessing = 0;
		};
		206E5D92198EEA1600837A2C /* Resources */ = {
			isa = PBXResourcesBuildPhase;
			buildActionMask = 2147483647;
			files = (
			);
			runOnlyForDeploymentPostprocessing = 0;
		};
/* End PBXResourcesBuildPhase section */

/* Begin PBXShellScriptBuildPhase section */
		92B556789AF4456397B389C7 /* Check Pods Manifest.lock */ = {
			isa = PBXShellScriptBuildPhase;
			buildActionMask = 2147483647;
			files = (
			);
			inputPaths = (
			);
			name = "Check Pods Manifest.lock";
			outputPaths = (
			);
			runOnlyForDeploymentPostprocessing = 0;
			shellPath = /bin/sh;
			shellScript = "diff \"${PODS_ROOT}/../Podfile.lock\" \"${PODS_ROOT}/Manifest.lock\" > /dev/null\nif [[ $? != 0 ]] ; then\n    cat << EOM\nerror: The sandbox is not in sync with the Podfile.lock. Run 'pod install' or update your CocoaPods installation.\nEOM\n    exit 1\nfi\n";
			showEnvVarsInLog = 0;
		};
		B1E0759232A141CEA4DDBA82 /* Copy Pods Resources */ = {
			isa = PBXShellScriptBuildPhase;
			buildActionMask = 2147483647;
			files = (
			);
			inputPaths = (
			);
			name = "Copy Pods Resources";
			outputPaths = (
			);
			runOnlyForDeploymentPostprocessing = 0;
			shellPath = /bin/sh;
			shellScript = "\"${SRCROOT}/Pods/Pods-resources.sh\"\n";
			showEnvVarsInLog = 0;
		};
/* End PBXShellScriptBuildPhase section */

/* Begin PBXSourcesBuildPhase section */
		206E5D7A198EEA1600837A2C /* Sources */ = {
			isa = PBXSourcesBuildPhase;
			buildActionMask = 2147483647;
			files = (
				65E0D81019957AA60032D9C4 /* MenuTableViewController.m in Sources */,
				206E5D8A198EEA1600837A2C /* ViewController.m in Sources */,
				6562EAF4199595FB00CBF0C8 /* DetailViewController.m in Sources */,
				206E5DA9198F03F100837A2C /* RegisterTableViewController.m in Sources */,
				20011C231991626100A0978E /* CMCoreService.m in Sources */,
				206E5DA6198EEE8E00837A2C /* LoginTableViewController.m in Sources */,
				207239181994A23F001116A9 /* CMUser.m in Sources */,
				206E5D87198EEA1600837A2C /* AppDelegate.m in Sources */,
				206E5D84198EEA1600837A2C /* main.m in Sources */,
			);
			runOnlyForDeploymentPostprocessing = 0;
		};
		206E5D90198EEA1600837A2C /* Sources */ = {
			isa = PBXSourcesBuildPhase;
			buildActionMask = 2147483647;
			files = (
				206E5D9B198EEA1600837A2C /* CampusMovilTests.m in Sources */,
			);
			runOnlyForDeploymentPostprocessing = 0;
		};
/* End PBXSourcesBuildPhase section */

/* Begin PBXTargetDependency section */
		20011C25199193BA00A0978E /* PBXTargetDependency */ = {
			isa = PBXTargetDependency;
			target = 206E5D7D198EEA1600837A2C /* CampusMovil */;
			targetProxy = 20011C24199193BA00A0978E /* PBXContainerItemProxy */;
		};
		206E5D96198EEA1600837A2C /* PBXTargetDependency */ = {
			isa = PBXTargetDependency;
			target = 206E5D7D198EEA1600837A2C /* CampusMovil */;
			targetProxy = 206E5D95198EEA1600837A2C /* PBXContainerItemProxy */;
		};
/* End PBXTargetDependency section */

/* Begin PBXVariantGroup section */
		206E5D8B198EEA1600837A2C /* Main.storyboard */ = {
			isa = PBXVariantGroup;
			children = (
				206E5D8C198EEA1600837A2C /* Base */,
			);
			name = Main.storyboard;
			sourceTree = "<group>";
		};
/* End PBXVariantGroup section */

/* Begin XCBuildConfiguration section */
		206E5D9C198EEA1600837A2C /* Debug */ = {
			isa = XCBuildConfiguration;
			buildSettings = {
				ALWAYS_SEARCH_USER_PATHS = NO;
				CLANG_CXX_LANGUAGE_STANDARD = "gnu++0x";
				CLANG_CXX_LIBRARY = "libc++";
				CLANG_ENABLE_MODULES = YES;
				CLANG_ENABLE_OBJC_ARC = YES;
				CLANG_WARN_BOOL_CONVERSION = YES;
				CLANG_WARN_CONSTANT_CONVERSION = YES;
				CLANG_WARN_DIRECT_OBJC_ISA_USAGE = YES_ERROR;
				CLANG_WARN_EMPTY_BODY = YES;
				CLANG_WARN_ENUM_CONVERSION = YES;
				CLANG_WARN_INT_CONVERSION = YES;
				CLANG_WARN_OBJC_ROOT_CLASS = YES_ERROR;
				CLANG_WARN_UNREACHABLE_CODE = YES;
				CLANG_WARN__DUPLICATE_METHOD_MATCH = YES;
				"CODE_SIGN_IDENTITY[sdk=iphoneos*]" = "iPhone Developer";
				COPY_PHASE_STRIP = NO;
				ENABLE_STRICT_OBJC_MSGSEND = YES;
				GCC_C_LANGUAGE_STANDARD = gnu99;
				GCC_DYNAMIC_NO_PIC = NO;
				GCC_OPTIMIZATION_LEVEL = 0;
				GCC_PREPROCESSOR_DEFINITIONS = (
					"DEBUG=1",
					"$(inherited)",
				);
				GCC_SYMBOLS_PRIVATE_EXTERN = NO;
				GCC_WARN_64_TO_32_BIT_CONVERSION = YES;
				GCC_WARN_ABOUT_RETURN_TYPE = YES_ERROR;
				GCC_WARN_UNDECLARED_SELECTOR = YES;
				GCC_WARN_UNINITIALIZED_AUTOS = YES_AGGRESSIVE;
				GCC_WARN_UNUSED_FUNCTION = YES;
				GCC_WARN_UNUSED_VARIABLE = YES;
				IPHONEOS_DEPLOYMENT_TARGET = 8.0;
				MTL_ENABLE_DEBUG_INFO = YES;
				ONLY_ACTIVE_ARCH = YES;
				SDKROOT = iphoneos;
			};
			name = Debug;
		};
		206E5D9D198EEA1600837A2C /* Release */ = {
			isa = XCBuildConfiguration;
			buildSettings = {
				ALWAYS_SEARCH_USER_PATHS = NO;
				CLANG_CXX_LANGUAGE_STANDARD = "gnu++0x";
				CLANG_CXX_LIBRARY = "libc++";
				CLANG_ENABLE_MODULES = YES;
				CLANG_ENABLE_OBJC_ARC = YES;
				CLANG_WARN_BOOL_CONVERSION = YES;
				CLANG_WARN_CONSTANT_CONVERSION = YES;
				CLANG_WARN_DIRECT_OBJC_ISA_USAGE = YES_ERROR;
				CLANG_WARN_EMPTY_BODY = YES;
				CLANG_WARN_ENUM_CONVERSION = YES;
				CLANG_WARN_INT_CONVERSION = YES;
				CLANG_WARN_OBJC_ROOT_CLASS = YES_ERROR;
				CLANG_WARN_UNREACHABLE_CODE = YES;
				CLANG_WARN__DUPLICATE_METHOD_MATCH = YES;
				"CODE_SIGN_IDENTITY[sdk=iphoneos*]" = "iPhone Developer";
				COPY_PHASE_STRIP = YES;
				ENABLE_NS_ASSERTIONS = NO;
				ENABLE_STRICT_OBJC_MSGSEND = YES;
				GCC_C_LANGUAGE_STANDARD = gnu99;
				GCC_WARN_64_TO_32_BIT_CONVERSION = YES;
				GCC_WARN_ABOUT_RETURN_TYPE = YES_ERROR;
				GCC_WARN_UNDECLARED_SELECTOR = YES;
				GCC_WARN_UNINITIALIZED_AUTOS = YES_AGGRESSIVE;
				GCC_WARN_UNUSED_FUNCTION = YES;
				GCC_WARN_UNUSED_VARIABLE = YES;
				IPHONEOS_DEPLOYMENT_TARGET = 8.0;
				MTL_ENABLE_DEBUG_INFO = NO;
				SDKROOT = iphoneos;
				VALIDATE_PRODUCT = YES;
			};
			name = Release;
		};
		206E5D9F198EEA1600837A2C /* Debug */ = {
			isa = XCBuildConfiguration;
			baseConfigurationReference = 9B44D725FD204C208F2E804A /* Pods.xcconfig */;
			buildSettings = {
				ASSETCATALOG_COMPILER_APPICON_NAME = AppIcon;
				ASSETCATALOG_COMPILER_LAUNCHIMAGE_NAME = LaunchImage;
				CODE_SIGN_IDENTITY = "iPhone Developer: Carlos Aguirre (WSDPHBSXTN)";
				FRAMEWORK_SEARCH_PATHS = (
					"$(inherited)",
					"$(PROJECT_DIR)",
				);
				INFOPLIST_FILE = CampusMovil/Info.plist;
				IPHONEOS_DEPLOYMENT_TARGET = 7.0;
				LD_RUNPATH_SEARCH_PATHS = "$(inherited) @executable_path/Frameworks";
				LIBRARY_SEARCH_PATHS = (
					"$(inherited)",
					"$(PROJECT_DIR)",
				);
				"OTHER_LDFLAGS[arch=*]" = "-ObjC";
				PRODUCT_NAME = "$(TARGET_NAME)";
			};
			name = Debug;
		};
		206E5DA0198EEA1600837A2C /* Release */ = {
			isa = XCBuildConfiguration;
			baseConfigurationReference = 9B44D725FD204C208F2E804A /* Pods.xcconfig */;
			buildSettings = {
				ASSETCATALOG_COMPILER_APPICON_NAME = AppIcon;
				ASSETCATALOG_COMPILER_LAUNCHIMAGE_NAME = LaunchImage;
				CODE_SIGN_IDENTITY = "iPhone Developer: Carlos Aguirre (WSDPHBSXTN)";
				FRAMEWORK_SEARCH_PATHS = (
					"$(inherited)",
					"$(PROJECT_DIR)",
				);
				INFOPLIST_FILE = CampusMovil/Info.plist;
				IPHONEOS_DEPLOYMENT_TARGET = 7.0;
				LD_RUNPATH_SEARCH_PATHS = "$(inherited) @executable_path/Frameworks";
				LIBRARY_SEARCH_PATHS = (
					"$(inherited)",
					"$(PROJECT_DIR)",
				);
				PRODUCT_NAME = "$(TARGET_NAME)";
			};
			name = Release;
		};
		206E5DA2198EEA1600837A2C /* Debug */ = {
			isa = XCBuildConfiguration;
			buildSettings = {
				BUNDLE_LOADER = "$(BUILT_PRODUCTS_DIR)/CampusMovil.app/CampusMovil";
				FRAMEWORK_SEARCH_PATHS = (
					"$(SDKROOT)/Developer/Library/Frameworks",
					"$(inherited)",
				);
				GCC_PREPROCESSOR_DEFINITIONS = (
					"DEBUG=1",
					"$(inherited)",
				);
				INFOPLIST_FILE = CampusMovilTests/Info.plist;
				IPHONEOS_DEPLOYMENT_TARGET = 7.1;
				LD_RUNPATH_SEARCH_PATHS = "$(inherited) @executable_path/Frameworks @loader_path/Frameworks";
				PRODUCT_NAME = "$(TARGET_NAME)";
				TEST_HOST = "$(BUNDLE_LOADER)";
			};
			name = Debug;
		};
		206E5DA3198EEA1600837A2C /* Release */ = {
			isa = XCBuildConfiguration;
			buildSettings = {
				BUNDLE_LOADER = "$(BUILT_PRODUCTS_DIR)/CampusMovil.app/CampusMovil";
				FRAMEWORK_SEARCH_PATHS = (
					"$(SDKROOT)/Developer/Library/Frameworks",
					"$(inherited)",
				);
				INFOPLIST_FILE = CampusMovilTests/Info.plist;
				IPHONEOS_DEPLOYMENT_TARGET = 7.1;
				LD_RUNPATH_SEARCH_PATHS = "$(inherited) @executable_path/Frameworks @loader_path/Frameworks";
				PRODUCT_NAME = "$(TARGET_NAME)";
				TEST_HOST = "$(BUNDLE_LOADER)";
			};
			name = Release;
		};
/* End XCBuildConfiguration section */

/* Begin XCConfigurationList section */
		206E5D79198EEA1600837A2C /* Build configuration list for PBXProject "CampusMovil" */ = {
			isa = XCConfigurationList;
			buildConfigurations = (
				206E5D9C198EEA1600837A2C /* Debug */,
				206E5D9D198EEA1600837A2C /* Release */,
			);
			defaultConfigurationIsVisible = 0;
			defaultConfigurationName = Release;
		};
		206E5D9E198EEA1600837A2C /* Build configuration list for PBXNativeTarget "CampusMovil" */ = {
			isa = XCConfigurationList;
			buildConfigurations = (
				206E5D9F198EEA1600837A2C /* Debug */,
				206E5DA0198EEA1600837A2C /* Release */,
			);
			defaultConfigurationIsVisible = 0;
			defaultConfigurationName = Release;
		};
		206E5DA1198EEA1600837A2C /* Build configuration list for PBXNativeTarget "CampusMovilTests" */ = {
			isa = XCConfigurationList;
			buildConfigurations = (
				206E5DA2198EEA1600837A2C /* Debug */,
				206E5DA3198EEA1600837A2C /* Release */,
			);
			defaultConfigurationIsVisible = 0;
			defaultConfigurationName = Release;
		};
/* End XCConfigurationList section */
	};
	rootObject = 206E5D76198EEA1600837A2C /* Project object */;
}
